
Microsoft Visual Studio Solution File, Format Version 12.00
# Visual Studio Version 17
VisualStudioVersion = 17.3.32922.545
MinimumVisualStudioVersion = 10.0.40219.1
Project("{9A19103F-16F7-4668-BE54-9A1E7A4F7556}") = "ArduinoReadTest", "MastersProject.ArduinoReadTest\ArduinoReadTest.csproj", "{6774E418-1492-4D5F-8050-7D4526351FF8}"
EndProject
Project("{2150E333-8FDC-42A3-9474-1A3956D46DE8}") = "Arduino", "Arduino", "{298311C7-3AB5-44BF-B9DE-1C502DFF882A}"
	ProjectSection(SolutionItems) = preProject
		ArduinoSource\ArduinoSource.ino = ArduinoSource\ArduinoSource.ino
	EndProjectSection
EndProject
Project("{9A19103F-16F7-4668-BE54-9A1E7A4F7556}") = "App", "MastersProject.App\App.csproj", "{CCF9B7A2-6B4E-4D03-860B-22077FA8A84D}"
EndProject
Project("{9A19103F-16F7-4668-BE54-9A1E7A4F7556}") = "Serial", "MastersProject.SerialCommunicator\Serial.csproj", "{00E7B305-EBAD-4566-9D75-562510DA82C5}"
EndProject
Project("{2150E333-8FDC-42A3-9474-1A3956D46DE8}") = "Tests", "Tests", "{E13CC9DB-FB7A-4747-AF5E-605EBE9FFFE0}"
EndProject
Project("{2150E333-8FDC-42A3-9474-1A3956D46DE8}") = "Application", "Application", "{3C3557C1-63C5-4B71-9569-DEDCC1292E3C}"
EndProject
Global
	GlobalSection(SolutionConfigurationPlatforms) = preSolution
		Debug|Any CPU = Debug|Any CPU
		Release|Any CPU = Release|Any CPU
	EndGlobalSection
	GlobalSection(ProjectConfigurationPlatforms) = postSolution
		{6774E418-1492-4D5F-8050-7D4526351FF8}.Debug|Any CPU.ActiveCfg = Debug|Any CPU
		{6774E418-1492-4D5F-8050-7D4526351FF8}.Debug|Any CPU.Build.0 = Debug|Any CPU
		{6774E418-1492-4D5F-8050-7D4526351FF8}.Release|Any CPU.ActiveCfg = Release|Any CPU
		{6774E418-1492-4D5F-8050-7D4526351FF8}.Release|Any CPU.Build.0 = Release|Any CPU
		{CCF9B7A2-6B4E-4D03-860B-22077FA8A84D}.Debug|Any CPU.ActiveCfg = Debug|Any CPU
		{CCF9B7A2-6B4E-4D03-860B-22077FA8A84D}.Debug|Any CPU.Build.0 = Debug|Any CPU
		{CCF9B7A2-6B4E-4D03-860B-22077FA8A84D}.Release|Any CPU.ActiveCfg = Release|Any CPU
		{CCF9B7A2-6B4E-4D03-860B-22077FA8A84D}.Release|Any CPU.Build.0 = Release|Any CPU
		{00E7B305-EBAD-4566-9D75-562510DA82C5}.Debug|Any CPU.ActiveCfg = Debug|Any CPU
		{00E7B305-EBAD-4566-9D75-562510DA82C5}.Debug|Any CPU.Build.0 = Debug|Any CPU
		{00E7B305-EBAD-4566-9D75-562510DA82C5}.Release|Any CPU.ActiveCfg = Release|Any CPU
		{00E7B305-EBAD-4566-9D75-562510DA82C5}.Release|Any CPU.Build.0 = Release|Any CPU
	EndGlobalSection
	GlobalSection(SolutionProperties) = preSolution
		HideSolutionNode = FALSE
	EndGlobalSection
	GlobalSection(NestedProjects) = preSolution
		{6774E418-1492-4D5F-8050-7D4526351FF8} = {E13CC9DB-FB7A-4747-AF5E-605EBE9FFFE0}
		{CCF9B7A2-6B4E-4D03-860B-22077FA8A84D} = {3C3557C1-63C5-4B71-9569-DEDCC1292E3C}
		{00E7B305-EBAD-4566-9D75-562510DA82C5} = {3C3557C1-63C5-4B71-9569-DEDCC1292E3C}
	EndGlobalSection
	GlobalSection(ExtensibilityGlobals) = postSolution
		SolutionGuid = {D9561387-730F-48D2-9E27-9DD078BFE9A6}
	EndGlobalSection
EndGlobal
